
Microsoft Visual Studio Solution File, Format Version 12.00
# Visual Studio 14
VisualStudioVersion = 14.0.23107.0
MinimumVisualStudioVersion = 10.0.40219.1
Project("{FAE04EC0-301F-11D3-BF4B-00C04F79EFBC}") = "WebShopMVC", "WebShopMVC\WebShopMVC.csproj", "{ADCEA29B-2415-4F06-8E1D-407A6BE41014}"
EndProject
Project("{FAE04EC0-301F-11D3-BF4B-00C04F79EFBC}") = "WebShop.Model", "WebShop.Model\WebShop.Model.csproj", "{E49B6269-4074-428E-A907-28CD37EB837C}"
EndProject
Project("{FAE04EC0-301F-11D3-BF4B-00C04F79EFBC}") = "WebShop.Service", "WebShop.Service\WebShop.Service.csproj", "{7C64C188-40BE-4E23-9C1E-E7FCBA0BB6DE}"
EndProject
Global
	GlobalSection(SolutionConfigurationPlatforms) = preSolution
		Debug|Any CPU = Debug|Any CPU
		Release|Any CPU = Release|Any CPU
	EndGlobalSection
	GlobalSection(ProjectConfigurationPlatforms) = postSolution
		{ADCEA29B-2415-4F06-8E1D-407A6BE41014}.Debug|Any CPU.ActiveCfg = Debug|Any CPU
		{ADCEA29B-2415-4F06-8E1D-407A6BE41014}.Debug|Any CPU.Build.0 = Debug|Any CPU
		{ADCEA29B-2415-4F06-8E1D-407A6BE41014}.Release|Any CPU.ActiveCfg = Release|Any CPU
		{ADCEA29B-2415-4F06-8E1D-407A6BE41014}.Release|Any CPU.Build.0 = Release|Any CPU
		{E49B6269-4074-428E-A907-28CD37EB837C}.Debug|Any CPU.ActiveCfg = Debug|Any CPU
		{E49B6269-4074-428E-A907-28CD37EB837C}.Debug|Any CPU.Build.0 = Debug|Any CPU
		{E49B6269-4074-428E-A907-28CD37EB837C}.Release|Any CPU.ActiveCfg = Release|Any CPU
		{E49B6269-4074-428E-A907-28CD37EB837C}.Release|Any CPU.Build.0 = Release|Any CPU
		{7C64C188-40BE-4E23-9C1E-E7FCBA0BB6DE}.Debug|Any CPU.ActiveCfg = Debug|Any CPU
		{7C64C188-40BE-4E23-9C1E-E7FCBA0BB6DE}.Debug|Any CPU.Build.0 = Debug|Any CPU
		{7C64C188-40BE-4E23-9C1E-E7FCBA0BB6DE}.Release|Any CPU.ActiveCfg = Release|Any CPU
		{7C64C188-40BE-4E23-9C1E-E7FCBA0BB6DE}.Release|Any CPU.Build.0 = Release|Any CPU
	EndGlobalSection
	GlobalSection(SolutionProperties) = preSolution
		HideSolutionNode = FALSE
	EndGlobalSection
EndGlobal
